
Microsoft Visual Studio Solution File, Format Version 12.00
# Visual Studio Version 16
VisualStudioVersion = 16.0.30011.22
MinimumVisualStudioVersion = 10.0.40219.1
Project("{9A19103F-16F7-4668-BE54-9A1E7A4F7556}") = "LibraryBackEnd", "LibraryBackEnd\LibraryBackEnd.csproj", "{58EE8038-6166-48B3-99E8-6A4C348744F1}"
EndProject
Project("{FAE04EC0-301F-11D3-BF4B-00C04F79EFBC}") = "LibraryFrontEnd", "LibraryFrontEnd\LibraryFrontEnd.csproj", "{AEA59318-0DCB-4097-8F0D-96DFF7684664}"
EndProject
Global
	GlobalSection(SolutionConfigurationPlatforms) = preSolution
		Debug|Any CPU = Debug|Any CPU
		Release|Any CPU = Release|Any CPU
	EndGlobalSection
	GlobalSection(ProjectConfigurationPlatforms) = postSolution
		{58EE8038-6166-48B3-99E8-6A4C348744F1}.Debug|Any CPU.ActiveCfg = Debug|Any CPU
		{58EE8038-6166-48B3-99E8-6A4C348744F1}.Debug|Any CPU.Build.0 = Debug|Any CPU
		{58EE8038-6166-48B3-99E8-6A4C348744F1}.Release|Any CPU.ActiveCfg = Release|Any CPU
		{58EE8038-6166-48B3-99E8-6A4C348744F1}.Release|Any CPU.Build.0 = Release|Any CPU
		{AEA59318-0DCB-4097-8F0D-96DFF7684664}.Debug|Any CPU.ActiveCfg = Debug|Any CPU
		{AEA59318-0DCB-4097-8F0D-96DFF7684664}.Debug|Any CPU.Build.0 = Debug|Any CPU
		{AEA59318-0DCB-4097-8F0D-96DFF7684664}.Release|Any CPU.ActiveCfg = Release|Any CPU
		{AEA59318-0DCB-4097-8F0D-96DFF7684664}.Release|Any CPU.Build.0 = Release|Any CPU
	EndGlobalSection
	GlobalSection(SolutionProperties) = preSolution
		HideSolutionNode = FALSE
	EndGlobalSection
	GlobalSection(ExtensibilityGlobals) = postSolution
		SolutionGuid = {5B6A7917-FE0F-4677-B845-B7E80A7F2349}
	EndGlobalSection
EndGlobal
